
Microsoft Visual Studio Solution File, Format Version 12.00
# Visual Studio Version 17
VisualStudioVersion = 17.5.33502.453
MinimumVisualStudioVersion = 10.0.40219.1
Project("{9A19103F-16F7-4668-BE54-9A1E7A4F7556}") = "exerciseTracker", "exerciseTracker\exerciseTracker.csproj", "{5A5F16C0-3767-4A7A-B547-2605CE4A8A14}"
EndProject
Global
	GlobalSection(SolutionConfigurationPlatforms) = preSolution
		Debug|Any CPU = Debug|Any CPU
		Release|Any CPU = Release|Any CPU
	EndGlobalSection
	GlobalSection(ProjectConfigurationPlatforms) = postSolution
		{5A5F16C0-3767-4A7A-B547-2605CE4A8A14}.Debug|Any CPU.ActiveCfg = Debug|Any CPU
		{5A5F16C0-3767-4A7A-B547-2605CE4A8A14}.Debug|Any CPU.Build.0 = Debug|Any CPU
		{5A5F16C0-3767-4A7A-B547-2605CE4A8A14}.Release|Any CPU.ActiveCfg = Release|Any CPU
		{5A5F16C0-3767-4A7A-B547-2605CE4A8A14}.Release|Any CPU.Build.0 = Release|Any CPU
	EndGlobalSection
	GlobalSection(SolutionProperties) = preSolution
		HideSolutionNode = FALSE
	EndGlobalSection
	GlobalSection(ExtensibilityGlobals) = postSolution
		SolutionGuid = {AC3F401E-3B85-4DBE-9B89-C485C408F113}
	EndGlobalSection
EndGlobal
